
Microsoft Visual Studio Solution File, Format Version 12.00
# Visual Studio Version 17
VisualStudioVersion = 17.3.32901.215
MinimumVisualStudioVersion = 10.0.40219.1
Project("{8BC9CEB8-8B4A-11D0-8D11-00A0C91BC942}") = "ch03", "ch03\ch03.vcxproj", "{F89C0A6C-3758-4B92-BB04-7EF9E388BCAA}"
EndProject
Project("{8BC9CEB8-8B4A-11D0-8D11-00A0C91BC942}") = "ch03_4", "ch03_4\ch03_4.vcxproj", "{8B3392C4-C62E-43A0-8234-3913935D00A8}"
EndProject
Project("{8BC9CEB8-8B4A-11D0-8D11-00A0C91BC942}") = "ch03_5", "ch03_5\ch03_5.vcxproj", "{3D266610-2525-446A-9689-53387A038DA2}"
EndProject
Project("{8BC9CEB8-8B4A-11D0-8D11-00A0C91BC942}") = "ch03_7", "ch03_7\ch03_7.vcxproj", "{276F03D8-3A0C-4240-9F1A-B73B51260009}"
EndProject
Project("{8BC9CEB8-8B4A-11D0-8D11-00A0C91BC942}") = "ch03_prac_1", "ch03_prac_1\ch03_prac_1.vcxproj", "{27778078-C962-4B3F-BFA1-9F45310B343B}"
EndProject
Project("{8BC9CEB8-8B4A-11D0-8D11-00A0C91BC942}") = "ch03_prac_3", "ch03_prac_3\ch03_prac_3.vcxproj", "{448DAA81-1A8E-4DF3-BBA0-18D42E68FEC3}"
EndProject
Project("{8BC9CEB8-8B4A-11D0-8D11-00A0C91BC942}") = "ch03_prac_4", "ch03_prac_4\ch03_prac_4.vcxproj", "{E91651D5-491F-48A7-BFBD-BA0FD46CD414}"
EndProject
Project("{8BC9CEB8-8B4A-11D0-8D11-00A0C91BC942}") = "ch03_prac_5", "ch03_prac_5\ch03_prac_5.vcxproj", "{B0564D03-7AD0-4D5D-BCE3-7077E3E0C008}"
EndProject
Project("{8BC9CEB8-8B4A-11D0-8D11-00A0C91BC942}") = "ch03_prac_6", "ch03_prac_6\ch03_prac_6.vcxproj", "{5BE8959B-323E-4E99-BF35-E2DD8AB62BCE}"
EndProject
Project("{8BC9CEB8-8B4A-11D0-8D11-00A0C91BC942}") = "ch03_prac_7", "ch03_prac_7\ch03_prac_7.vcxproj", "{6F61FAF4-05AB-4588-9667-71B164C3E092}"
EndProject
Project("{8BC9CEB8-8B4A-11D0-8D11-00A0C91BC942}") = "ch03_prac_9", "ch03_prac_9\ch03_prac_9.vcxproj", "{59446605-591B-4CF3-AB21-9603EBEEBE9B}"
EndProject
Project("{8BC9CEB8-8B4A-11D0-8D11-00A0C91BC942}") = "ch03_prac_10", "ch03_prac_10\ch03_prac_10.vcxproj", "{53D01315-3434-4E61-8C26-DAF198EA231A}"
EndProject
Global
	GlobalSection(SolutionConfigurationPlatforms) = preSolution
		Debug|x64 = Debug|x64
		Debug|x86 = Debug|x86
		Release|x64 = Release|x64
		Release|x86 = Release|x86
	EndGlobalSection
	GlobalSection(ProjectConfigurationPlatforms) = postSolution
		{F89C0A6C-3758-4B92-BB04-7EF9E388BCAA}.Debug|x64.ActiveCfg = Debug|x64
		{F89C0A6C-3758-4B92-BB04-7EF9E388BCAA}.Debug|x64.Build.0 = Debug|x64
		{F89C0A6C-3758-4B92-BB04-7EF9E388BCAA}.Debug|x86.ActiveCfg = Debug|Win32
		{F89C0A6C-3758-4B92-BB04-7EF9E388BCAA}.Debug|x86.Build.0 = Debug|Win32
		{F89C0A6C-3758-4B92-BB04-7EF9E388BCAA}.Release|x64.ActiveCfg = Release|x64
		{F89C0A6C-3758-4B92-BB04-7EF9E388BCAA}.Release|x64.Build.0 = Release|x64
		{F89C0A6C-3758-4B92-BB04-7EF9E388BCAA}.Release|x86.ActiveCfg = Release|Win32
		{F89C0A6C-3758-4B92-BB04-7EF9E388BCAA}.Release|x86.Build.0 = Release|Win32
		{8B3392C4-C62E-43A0-8234-3913935D00A8}.Debug|x64.ActiveCfg = Debug|x64
		{8B3392C4-C62E-43A0-8234-3913935D00A8}.Debug|x64.Build.0 = Debug|x64
		{8B3392C4-C62E-43A0-8234-3913935D00A8}.Debug|x86.ActiveCfg = Debug|Win32
		{8B3392C4-C62E-43A0-8234-3913935D00A8}.Debug|x86.Build.0 = Debug|Win32
		{8B3392C4-C62E-43A0-8234-3913935D00A8}.Release|x64.ActiveCfg = Release|x64
		{8B3392C4-C62E-43A0-8234-3913935D00A8}.Release|x64.Build.0 = Release|x64
		{8B3392C4-C62E-43A0-8234-3913935D00A8}.Release|x86.ActiveCfg = Release|Win32
		{8B3392C4-C62E-43A0-8234-3913935D00A8}.Release|x86.Build.0 = Release|Win32
		{3D266610-2525-446A-9689-53387A038DA2}.Debug|x64.ActiveCfg = Debug|x64
		{3D266610-2525-446A-9689-53387A038DA2}.Debug|x64.Build.0 = Debug|x64
		{3D266610-2525-446A-9689-53387A038DA2}.Debug|x86.ActiveCfg = Debug|Win32
		{3D266610-2525-446A-9689-53387A038DA2}.Debug|x86.Build.0 = Debug|Win32
		{3D266610-2525-446A-9689-53387A038DA2}.Release|x64.ActiveCfg = Release|x64
		{3D266610-2525-446A-9689-53387A038DA2}.Release|x64.Build.0 = Release|x64
		{3D266610-2525-446A-9689-53387A038DA2}.Release|x86.ActiveCfg = Release|Win32
		{3D266610-2525-446A-9689-53387A038DA2}.Release|x86.Build.0 = Release|Win32
		{276F03D8-3A0C-4240-9F1A-B73B51260009}.Debug|x64.ActiveCfg = Debug|x64
		{276F03D8-3A0C-4240-9F1A-B73B51260009}.Debug|x64.Build.0 = Debug|x64
		{276F03D8-3A0C-4240-9F1A-B73B51260009}.Debug|x86.ActiveCfg = Debug|Win32
		{276F03D8-3A0C-4240-9F1A-B73B51260009}.Debug|x86.Build.0 = Debug|Win32
		{276F03D8-3A0C-4240-9F1A-B73B51260009}.Release|x64.ActiveCfg = Release|x64
		{276F03D8-3A0C-4240-9F1A-B73B51260009}.Release|x64.Build.0 = Release|x64
		{276F03D8-3A0C-4240-9F1A-B73B51260009}.Release|x86.ActiveCfg = Release|Win32
		{276F03D8-3A0C-4240-9F1A-B73B51260009}.Release|x86.Build.0 = Release|Win32
		{27778078-C962-4B3F-BFA1-9F45310B343B}.Debug|x64.ActiveCfg = Debug|x64
		{27778078-C962-4B3F-BFA1-9F45310B343B}.Debug|x64.Build.0 = Debug|x64
		{27778078-C962-4B3F-BFA1-9F45310B343B}.Debug|x86.ActiveCfg = Debug|Win32
		{27778078-C962-4B3F-BFA1-9F45310B343B}.Debug|x86.Build.0 = Debug|Win32
		{27778078-C962-4B3F-BFA1-9F45310B343B}.Release|x64.ActiveCfg = Release|x64
		{27778078-C962-4B3F-BFA1-9F45310B343B}.Release|x64.Build.0 = Release|x64
		{27778078-C962-4B3F-BFA1-9F45310B343B}.Release|x86.ActiveCfg = Release|Win32
		{27778078-C962-4B3F-BFA1-9F45310B343B}.Release|x86.Build.0 = Release|Win32
		{448DAA81-1A8E-4DF3-BBA0-18D42E68FEC3}.Debug|x64.ActiveCfg = Debug|x64
		{448DAA81-1A8E-4DF3-BBA0-18D42E68FEC3}.Debug|x64.Build.0 = Debug|x64
		{448DAA81-1A8E-4DF3-BBA0-18D42E68FEC3}.Debug|x86.ActiveCfg = Debug|Win32
		{448DAA81-1A8E-4DF3-BBA0-18D42E68FEC3}.Debug|x86.Build.0 = Debug|Win32
		{448DAA81-1A8E-4DF3-BBA0-18D42E68FEC3}.Release|x64.ActiveCfg = Release|x64
		{448DAA81-1A8E-4DF3-BBA0-18D42E68FEC3}.Release|x64.Build.0 = Release|x64
		{448DAA81-1A8E-4DF3-BBA0-18D42E68FEC3}.Release|x86.ActiveCfg = Release|Win32
		{448DAA81-1A8E-4DF3-BBA0-18D42E68FEC3}.Release|x86.Build.0 = Release|Win32
		{E91651D5-491F-48A7-BFBD-BA0FD46CD414}.Debug|x64.ActiveCfg = Debug|x64
		{E91651D5-491F-48A7-BFBD-BA0FD46CD414}.Debug|x64.Build.0 = Debug|x64
		{E91651D5-491F-48A7-BFBD-BA0FD46CD414}.Debug|x86.ActiveCfg = Debug|Win32
		{E91651D5-491F-48A7-BFBD-BA0FD46CD414}.Debug|x86.Build.0 = Debug|Win32
		{E91651D5-491F-48A7-BFBD-BA0FD46CD414}.Release|x64.ActiveCfg = Release|x64
		{E91651D5-491F-48A7-BFBD-BA0FD46CD414}.Release|x64.Build.0 = Release|x64
		{E91651D5-491F-48A7-BFBD-BA0FD46CD414}.Release|x86.ActiveCfg = Release|Win32
		{E91651D5-491F-48A7-BFBD-BA0FD46CD414}.Release|x86.Build.0 = Release|Win32
		{B0564D03-7AD0-4D5D-BCE3-7077E3E0C008}.Debug|x64.ActiveCfg = Debug|x64
		{B0564D03-7AD0-4D5D-BCE3-7077E3E0C008}.Debug|x64.Build.0 = Debug|x64
		{B0564D03-7AD0-4D5D-BCE3-7077E3E0C008}.Debug|x86.ActiveCfg = Debug|Win32
		{B0564D03-7AD0-4D5D-BCE3-7077E3E0C008}.Debug|x86.Build.0 = Debug|Win32
		{B0564D03-7AD0-4D5D-BCE3-7077E3E0C008}.Release|x64.ActiveCfg = Release|x64
		{B0564D03-7AD0-4D5D-BCE3-7077E3E0C008}.Release|x64.Build.0 = Release|x64
		{B0564D03-7AD0-4D5D-BCE3-7077E3E0C008}.Release|x86.ActiveCfg = Release|Win32
		{B0564D03-7AD0-4D5D-BCE3-7077E3E0C008}.Release|x86.Build.0 = Release|Win32
		{5BE8959B-323E-4E99-BF35-E2DD8AB62BCE}.Debug|x64.ActiveCfg = Debug|x64
		{5BE8959B-323E-4E99-BF35-E2DD8AB62BCE}.Debug|x64.Build.0 = Debug|x64
		{5BE8959B-323E-4E99-BF35-E2DD8AB62BCE}.Debug|x86.ActiveCfg = Debug|Win32
		{5BE8959B-323E-4E99-BF35-E2DD8AB62BCE}.Debug|x86.Build.0 = Debug|Win32
		{5BE8959B-323E-4E99-BF35-E2DD8AB62BCE}.Release|x64.ActiveCfg = Release|x64
		{5BE8959B-323E-4E99-BF35-E2DD8AB62BCE}.Release|x64.Build.0 = Release|x64
		{5BE8959B-323E-4E99-BF35-E2DD8AB62BCE}.Release|x86.ActiveCfg = Release|Win32
		{5BE8959B-323E-4E99-BF35-E2DD8AB62BCE}.Release|x86.Build.0 = Release|Win32
		{6F61FAF4-05AB-4588-9667-71B164C3E092}.Debug|x64.ActiveCfg = Debug|x64
		{6F61FAF4-05AB-4588-9667-71B164C3E092}.Debug|x64.Build.0 = Debug|x64
		{6F61FAF4-05AB-4588-9667-71B164C3E092}.Debug|x86.ActiveCfg = Debug|Win32
		{6F61FAF4-05AB-4588-9667-71B164C3E092}.Debug|x86.Build.0 = Debug|Win32
		{6F61FAF4-05AB-4588-9667-71B164C3E092}.Release|x64.ActiveCfg = Release|x64
		{6F61FAF4-05AB-4588-9667-71B164C3E092}.Release|x64.Build.0 = Release|x64
		{6F61FAF4-05AB-4588-9667-71B164C3E092}.Release|x86.ActiveCfg = Release|Win32
		{6F61FAF4-05AB-4588-9667-71B164C3E092}.Release|x86.Build.0 = Release|Win32
		{59446605-591B-4CF3-AB21-9603EBEEBE9B}.Debug|x64.ActiveCfg = Debug|x64
		{59446605-591B-4CF3-AB21-9603EBEEBE9B}.Debug|x64.Build.0 = Debug|x64
		{59446605-591B-4CF3-AB21-9603EBEEBE9B}.Debug|x86.ActiveCfg = Debug|Win32
		{59446605-591B-4CF3-AB21-9603EBEEBE9B}.Debug|x86.Build.0 = Debug|Win32
		{59446605-591B-4CF3-AB21-9603EBEEBE9B}.Release|x64.ActiveCfg = Release|x64
		{59446605-591B-4CF3-AB21-9603EBEEBE9B}.Release|x64.Build.0 = Release|x64
		{59446605-591B-4CF3-AB21-9603EBEEBE9B}.Release|x86.ActiveCfg = Release|Win32
		{59446605-591B-4CF3-AB21-9603EBEEBE9B}.Release|x86.Build.0 = Release|Win32
		{53D01315-3434-4E61-8C26-DAF198EA231A}.Debug|x64.ActiveCfg = Debug|x64
		{53D01315-3434-4E61-8C26-DAF198EA231A}.Debug|x64.Build.0 = Debug|x64
		{53D01315-3434-4E61-8C26-DAF198EA231A}.Debug|x86.ActiveCfg = Debug|Win32
		{53D01315-3434-4E61-8C26-DAF198EA231A}.Debug|x86.Build.0 = Debug|Win32
		{53D01315-3434-4E61-8C26-DAF198EA231A}.Release|x64.ActiveCfg = Release|x64
		{53D01315-3434-4E61-8C26-DAF198EA231A}.Release|x64.Build.0 = Release|x64
		{53D01315-3434-4E61-8C26-DAF198EA231A}.Release|x86.ActiveCfg = Release|Win32
		{53D01315-3434-4E61-8C26-DAF198EA231A}.Release|x86.Build.0 = Release|Win32
	EndGlobalSection
	GlobalSection(SolutionProperties) = preSolution
		HideSolutionNode = FALSE
	EndGlobalSection
	GlobalSection(ExtensibilityGlobals) = postSolution
		SolutionGuid = {27DB6B6E-F1DD-464A-B783-6440D92201AC}
	EndGlobalSection
EndGlobal
